
Microsoft Visual Studio Solution File, Format Version 12.00
# Visual Studio 15
VisualStudioVersion = 15.0.27703.2047
MinimumVisualStudioVersion = 10.0.40219.1
Project("{FAE04EC0-301F-11D3-BF4B-00C04F79EFBC}") = "Library_Card_Catalog", "Library_Card_Catalog\Library_Card_Catalog.csproj", "{6762F79A-73D7-41A4-ACA6-8654677C550A}"
EndProject
Global
	GlobalSection(SolutionConfigurationPlatforms) = preSolution
		Debug|Any CPU = Debug|Any CPU
		Release|Any CPU = Release|Any CPU
	EndGlobalSection
	GlobalSection(ProjectConfigurationPlatforms) = postSolution
		{6762F79A-73D7-41A4-ACA6-8654677C550A}.Debug|Any CPU.ActiveCfg = Debug|Any CPU
		{6762F79A-73D7-41A4-ACA6-8654677C550A}.Debug|Any CPU.Build.0 = Debug|Any CPU
		{6762F79A-73D7-41A4-ACA6-8654677C550A}.Release|Any CPU.ActiveCfg = Release|Any CPU
		{6762F79A-73D7-41A4-ACA6-8654677C550A}.Release|Any CPU.Build.0 = Release|Any CPU
	EndGlobalSection
	GlobalSection(SolutionProperties) = preSolution
		HideSolutionNode = FALSE
	EndGlobalSection
	GlobalSection(ExtensibilityGlobals) = postSolution
		SolutionGuid = {9D758EE3-F394-4877-9412-52BECE891C94}
	EndGlobalSection
EndGlobal
